
Microsoft Visual Studio Solution File, Format Version 12.00
# Visual Studio Version 16
VisualStudioVersion = 16.0.32901.82
MinimumVisualStudioVersion = 10.0.40219.1
Project("{9A19103F-16F7-4668-BE54-9A1E7A4F7556}") = "AdminDashboard", "AdminDashboard\AdminDashboard.csproj", "{5C3C85AF-D5DE-40B8-B717-8651F24FC616}"
EndProject
Project("{FAE04EC0-301F-11D3-BF4B-00C04F79EFBC}") = "AdminDashboard.DAL", "AdminDashboard.DAL\AdminDashboard.DAL.csproj", "{89DBA8EE-8ED5-49C2-B0E8-CB1EB4F9415D}"
EndProject
Project("{FAE04EC0-301F-11D3-BF4B-00C04F79EFBC}") = "AdminDashboard.BLL", "AdminDashboard.BLL\AdminDashboard.BLL.csproj", "{F305792F-3083-4426-A42B-78FB9BBDC172}"
EndProject
Global
	GlobalSection(SolutionConfigurationPlatforms) = preSolution
		Debug|Any CPU = Debug|Any CPU
		Release|Any CPU = Release|Any CPU
	EndGlobalSection
	GlobalSection(ProjectConfigurationPlatforms) = postSolution
		{5C3C85AF-D5DE-40B8-B717-8651F24FC616}.Debug|Any CPU.ActiveCfg = Debug|Any CPU
		{5C3C85AF-D5DE-40B8-B717-8651F24FC616}.Debug|Any CPU.Build.0 = Debug|Any CPU
		{5C3C85AF-D5DE-40B8-B717-8651F24FC616}.Release|Any CPU.ActiveCfg = Release|Any CPU
		{5C3C85AF-D5DE-40B8-B717-8651F24FC616}.Release|Any CPU.Build.0 = Release|Any CPU
		{89DBA8EE-8ED5-49C2-B0E8-CB1EB4F9415D}.Debug|Any CPU.ActiveCfg = Debug|Any CPU
		{89DBA8EE-8ED5-49C2-B0E8-CB1EB4F9415D}.Debug|Any CPU.Build.0 = Debug|Any CPU
		{89DBA8EE-8ED5-49C2-B0E8-CB1EB4F9415D}.Release|Any CPU.ActiveCfg = Release|Any CPU
		{89DBA8EE-8ED5-49C2-B0E8-CB1EB4F9415D}.Release|Any CPU.Build.0 = Release|Any CPU
		{F305792F-3083-4426-A42B-78FB9BBDC172}.Debug|Any CPU.ActiveCfg = Debug|Any CPU
		{F305792F-3083-4426-A42B-78FB9BBDC172}.Debug|Any CPU.Build.0 = Debug|Any CPU
		{F305792F-3083-4426-A42B-78FB9BBDC172}.Release|Any CPU.ActiveCfg = Release|Any CPU
		{F305792F-3083-4426-A42B-78FB9BBDC172}.Release|Any CPU.Build.0 = Release|Any CPU
	EndGlobalSection
	GlobalSection(SolutionProperties) = preSolution
		HideSolutionNode = FALSE
	EndGlobalSection
	GlobalSection(ExtensibilityGlobals) = postSolution
		SolutionGuid = {4D3BBF5E-86F2-4A87-A4DB-E7FC60323103}
	EndGlobalSection
EndGlobal
